
Microsoft Visual Studio Solution File, Format Version 12.00
# Visual Studio Version 17
VisualStudioVersion = 17.1.32210.238
MinimumVisualStudioVersion = 10.0.40219.1
Project("{FAE04EC0-301F-11D3-BF4B-00C04F79EFBC}") = "urlApp", "urlApp\urlApp.csproj", "{E5750365-515D-447F-B380-672B52AADBDD}"
EndProject
Global
	GlobalSection(SolutionConfigurationPlatforms) = preSolution
		Debug|Any CPU = Debug|Any CPU
		Release|Any CPU = Release|Any CPU
	EndGlobalSection
	GlobalSection(ProjectConfigurationPlatforms) = postSolution
		{E5750365-515D-447F-B380-672B52AADBDD}.Debug|Any CPU.ActiveCfg = Debug|Any CPU
		{E5750365-515D-447F-B380-672B52AADBDD}.Debug|Any CPU.Build.0 = Debug|Any CPU
		{E5750365-515D-447F-B380-672B52AADBDD}.Release|Any CPU.ActiveCfg = Release|Any CPU
		{E5750365-515D-447F-B380-672B52AADBDD}.Release|Any CPU.Build.0 = Release|Any CPU
	EndGlobalSection
	GlobalSection(SolutionProperties) = preSolution
		HideSolutionNode = FALSE
	EndGlobalSection
	GlobalSection(ExtensibilityGlobals) = postSolution
		SolutionGuid = {7A9C2030-7D40-4715-84CB-09EB5C309121}
	EndGlobalSection
EndGlobal
